
Microsoft Visual Studio Solution File, Format Version 12.00
# Visual Studio Version 17
VisualStudioVersion = 17.7.34221.43
MinimumVisualStudioVersion = 10.0.40219.1
Project("{FAE04EC0-301F-11D3-BF4B-00C04F79EFBC}") = "SqlSchemaParser", "SqlSchemaParser\SqlSchemaParser.csproj", "{9ADC18E0-BBE8-4594-B9FA-B93843A42382}"
EndProject
Global
	GlobalSection(SolutionConfigurationPlatforms) = preSolution
		Debug|Any CPU = Debug|Any CPU
		Release|Any CPU = Release|Any CPU
	EndGlobalSection
	GlobalSection(ProjectConfigurationPlatforms) = postSolution
		{9ADC18E0-BBE8-4594-B9FA-B93843A42382}.Debug|Any CPU.ActiveCfg = Debug|Any CPU
		{9ADC18E0-BBE8-4594-B9FA-B93843A42382}.Debug|Any CPU.Build.0 = Debug|Any CPU
		{9ADC18E0-BBE8-4594-B9FA-B93843A42382}.Release|Any CPU.ActiveCfg = Release|Any CPU
		{9ADC18E0-BBE8-4594-B9FA-B93843A42382}.Release|Any CPU.Build.0 = Release|Any CPU
	EndGlobalSection
	GlobalSection(SolutionProperties) = preSolution
		HideSolutionNode = FALSE
	EndGlobalSection
	GlobalSection(ExtensibilityGlobals) = postSolution
		SolutionGuid = {6191C385-CFC7-495B-B8B8-3664486B8BAF}
	EndGlobalSection
EndGlobal
